{
  "nodes": {
    "flake-utils": {
      "inputs": {
        "systems": "systems"
      },
      "locked": {
        "lastModified": 1694529238,
        "narHash": "sha256-zsNZZGTGnMOf9YpHKJqMSsa0dXbfmxeoJ7xHlrt+xmY=",
        "owner": "numtide",
        "repo": "flake-utils",
        "rev": "ff7b65b44d01cf9ba6a71320833626af21126384",
        "type": "github"
      },
      "original": {
        "owner": "numtide",
        "repo": "flake-utils",
        "type": "github"
      }
    },
    "nixpkgs": {
      "locked": {
        "lastModified": 1705102912,
        "narHash": "sha256-6m1KGGdhHUMnWMRVkyVitCWXL8kqQDO+jtUykIsdk3I=",
        "owner": "NixOS",
        "repo": "nixpkgs",
        "rev": "ca83fd1ecd581a85b917924c893f4a32d3bcbe74",
        "type": "github"
      },
      "original": {
        "owner": "NixOS",
        "repo": "nixpkgs",
        "type": "github"
      }
    },
    "root": {
      "inputs": {
        "flake-utils": "flake-utils",
        "nixpkgs": "nixpkgs",
        "temporal-sdk-core": "temporal-sdk-core"
      }
    },
    "systems": {
      "locked": {
        "lastModified": 1681028828,
        "narHash": "sha256-Vy1rq5AaRuLzOxct8nz4T6wlgyUR7zLU309k9mBC768=",
        "owner": "nix-systems",
        "repo": "default",
        "rev": "da67096a3b9bf56a91d16901293e51ba5b49a27e",
        "type": "github"
      },
      "original": {
        "owner": "nix-systems",
        "repo": "default",
        "type": "github"
      }
    },
    "temporal-sdk-core": {
      "flake": false,
      "locked": {
        "lastModified": 1690221293,
        "narHash": "sha256-EVF+P+8zTNGsDOlBlttZme84buH+1rAHxez2qXVpXgI=",
        "owner": "temporalio",
        "repo": "sdk-core",
        "rev": "7f9755b77def19796a3db0a22d9b56919872678a",
        "type": "github"
      },
      "original": {
        "owner": "temporalio",
        "repo": "sdk-core",
        "type": "github"
      }
    }
  },
  "root": "root",
  "version": 7
}
