# This file was autogenerated by Stack.
# You should not edit this file by hand.
# For more information, please see the documentation at:
#   https://docs.haskellstack.org/en/stable/lock_files

packages:
- completed:
    commit: b0ad0a51ccc1d2ea45cc1c6e8ef753c54efe30a4
    git: git@github.com:sheaf/if-instance.git
    name: if-instance
    pantry-tree:
      sha256: 3a7a07a2ef7559cf943f6f87ac4ce2bc3767509c101710612657de0db038df4b
      size: 725
    version: 0.4.0.0
  original:
    commit: b0ad0a51ccc1d2ea45cc1c6e8ef753c54efe30a4
    git: git@github.com:sheaf/if-instance.git
- completed:
    hackage: ghc-tcplugin-api-0.10.0.0@sha256:e48b4849cf41f1a14c4550600a7f049451c413c317e937c85fe9fea61239382b,4641
    pantry-tree:
      sha256: 6eb15b77c7e82aad03d48efdb417b7e3a65edc9722d195c116c56a42d676e6ac
      size: 498
  original:
    hackage: ghc-tcplugin-api-0.10.0.0
- completed:
    hackage: annotated-exception-0.2.0.3@sha256:3b648717c060cf808435738d85e94e78b144eb8267c281c8cc87edb99a18393e,1785
    pantry-tree:
      sha256: 4412649314f4bebda75c31bc2f6bcb56701af2eea04218e678709b440179055e
      size: 776
  original:
    hackage: annotated-exception-0.2.0.3
- completed:
    hackage: require-callstack-0.1.0.0@sha256:4286e01386aa92186474259f16f9250861bb8123fd1171bdbce754215c3dc3f9,1263
    pantry-tree:
      sha256: 2721dcb1a5b0a996da2723da8a63f844903091fba4039b58ae7402023a2a88e7
      size: 405
  original:
    hackage: require-callstack-0.1.0.0
- completed:
    hackage: hs-opentelemetry-api-0.1.0.0@sha256:8af01d0c81dd1af6d3293b105178fd9bfa0057c9eb88ac24d3c440bff660abe3,3705
    pantry-tree:
      sha256: 7c332e7241636097fe199bd87f57db333830bed416296e7ebf944497557f46be
      size: 3221
  original:
    hackage: hs-opentelemetry-api-0.1.0.0
- completed:
    hackage: hs-opentelemetry-sdk-0.0.3.6@sha256:6776705a4e0c06c6a4bfa16a9bed3ba353901f52d214ac737f57ea7f8e1ed465,3746
    pantry-tree:
      sha256: 154663d933a44c350db6c98d2c14db192c14fd04a10c17d0ebb8090707bd359b
      size: 1430
  original:
    hackage: hs-opentelemetry-sdk-0.0.3.6
- completed:
    hackage: hs-opentelemetry-otlp-0.0.1.0@sha256:88bb6b68f172a336f78018b0823f47363fb7408eb19f7301489f81ad4d5c0f33,2307
    pantry-tree:
      sha256: e56292fc693805babed3c7ba7fc54e59d2e9adbc38de6bcc659009e8b10b9a1b
      size: 2252
  original:
    hackage: hs-opentelemetry-otlp-0.0.1.0
- completed:
    hackage: hs-opentelemetry-exporter-otlp-0.0.1.5@sha256:89b0a6481096a338fa6383fbdf08ccaa0eb7bb009c4cbb340894eac33e55c5de,2214
    pantry-tree:
      sha256: 744146043f5818ad2b7577a32862affcbf6ed400b097723eae9f6941d739365e
      size: 400
  original:
    hackage: hs-opentelemetry-exporter-otlp-0.0.1.5
- completed:
    hackage: hs-opentelemetry-propagator-b3-0.0.1.1@sha256:f0e9da77a888b89f81e5f5186788d5ace2a665e8914f6b446712a1c2edf17743,1854
    pantry-tree:
      sha256: 7ed0b0433837946d86f2ab364ef284dfc17fdcef9b4ea5fc48577a9441deeade
      size: 482
  original:
    hackage: hs-opentelemetry-propagator-b3-0.0.1.1
- completed:
    hackage: hs-opentelemetry-propagator-w3c-0.0.1.3@sha256:5dc2dbdd6b0a4e434ca5fd949e9ebe5611a5d513ef58009b935e9e810cc85d1b,1852
    pantry-tree:
      sha256: 84a8e40facf8df13084682a6e4852d940acc9d9abeaf2d716dbc9415258f4cc5
      size: 496
  original:
    hackage: hs-opentelemetry-propagator-w3c-0.0.1.3
- completed:
    hackage: thread-utils-context-0.3.0.4@sha256:e763da1c6cab3b6d378fb670ca74aa9bf03c9b61b6fcf7628c56363fb0e3e71e,1671
    pantry-tree:
      sha256: 57d909a991b5e0b4c7a28121cb52ee9c2db6c09e0419b89af6c82fae52be88d4
      size: 397
  original:
    hackage: thread-utils-context-0.3.0.4
- completed:
    hackage: thread-utils-finalizers-0.1.1.0@sha256:24944b71d9f1d01695a5908b4a3b44838fab870883114a323336d537995e0a5b,1381
    pantry-tree:
      sha256: 8c2c2e2e22c20bf3696ee6f30b50b3a9eeae187a22beb536441eefb0a3f9c549
      size: 400
  original:
    hackage: thread-utils-finalizers-0.1.1.0
- completed:
    hackage: crypton-0.33@sha256:5e92f29b9b7104d91fcdda1dec9400c9ad1f1791c231cc41ceebd783fb517dee,18202
    pantry-tree:
      sha256: 38809499d7f9775ef45cd29ab5c3dc9b283a813f34c1cdc56681b24f8cf8bb4f
      size: 23148
  original:
    hackage: crypton-0.33
snapshots:
- completed:
    sha256: dcf4fc28f12d805480ddbe8eb8c370e11db12f0461d0110a4240af27ac88d725
    size: 650255
    url: https://raw.githubusercontent.com/commercialhaskell/stackage-snapshots/master/lts/20/22.yaml
  original: lts-20.22
