# This file was autogenerated by Stack.
# You should not edit this file by hand.
# For more information, please see the documentation at:
#   https://docs.haskellstack.org/en/stable/lock_files

packages:
- completed:
    commit: b0ad0a51ccc1d2ea45cc1c6e8ef753c54efe30a4
    git: git@github.com:sheaf/if-instance.git
    name: if-instance
    pantry-tree:
      sha256: 3a7a07a2ef7559cf943f6f87ac4ce2bc3767509c101710612657de0db038df4b
      size: 725
    version: 0.4.0.0
  original:
    commit: b0ad0a51ccc1d2ea45cc1c6e8ef753c54efe30a4
    git: git@github.com:sheaf/if-instance.git
- completed:
    hackage: ghc-tcplugin-api-0.10.0.0@sha256:e48b4849cf41f1a14c4550600a7f049451c413c317e937c85fe9fea61239382b,4641
    pantry-tree:
      sha256: 6eb15b77c7e82aad03d48efdb417b7e3a65edc9722d195c116c56a42d676e6ac
      size: 498
  original:
    hackage: ghc-tcplugin-api-0.10.0.0
- completed:
    hackage: annotated-exception-0.2.0.3@sha256:3b648717c060cf808435738d85e94e78b144eb8267c281c8cc87edb99a18393e,1785
    pantry-tree:
      sha256: 4412649314f4bebda75c31bc2f6bcb56701af2eea04218e678709b440179055e
      size: 776
  original:
    hackage: annotated-exception-0.2.0.3
- completed:
    hackage: require-callstack-0.1.0.0@sha256:4286e01386aa92186474259f16f9250861bb8123fd1171bdbce754215c3dc3f9,1263
    pantry-tree:
      sha256: 2721dcb1a5b0a996da2723da8a63f844903091fba4039b58ae7402023a2a88e7
      size: 405
  original:
    hackage: require-callstack-0.1.0.0
- completed:
    hackage: thread-utils-context-0.3.0.4@sha256:e763da1c6cab3b6d378fb670ca74aa9bf03c9b61b6fcf7628c56363fb0e3e71e,1671
    pantry-tree:
      sha256: 57d909a991b5e0b4c7a28121cb52ee9c2db6c09e0419b89af6c82fae52be88d4
      size: 397
  original:
    hackage: thread-utils-context-0.3.0.4
- completed:
    hackage: thread-utils-finalizers-0.1.1.0@sha256:24944b71d9f1d01695a5908b4a3b44838fab870883114a323336d537995e0a5b,1381
    pantry-tree:
      sha256: 8c2c2e2e22c20bf3696ee6f30b50b3a9eeae187a22beb536441eefb0a3f9c549
      size: 400
  original:
    hackage: thread-utils-finalizers-0.1.1.0
- completed:
    hackage: crypton-0.33@sha256:5e92f29b9b7104d91fcdda1dec9400c9ad1f1791c231cc41ceebd783fb517dee,18202
    pantry-tree:
      sha256: 38809499d7f9775ef45cd29ab5c3dc9b283a813f34c1cdc56681b24f8cf8bb4f
      size: 23148
  original:
    hackage: crypton-0.33
- completed:
    commit: 191f384b5329f0231844ae8405695fcdc29eab44
    git: git@github.com:iand675/proto-lens.git
    name: proto-lens
    pantry-tree:
      sha256: d8259b577c0ee18a1ae8ff0da84951d472ca7d272a57a0d76237046dc2e4804a
      size: 1720
    subdir: proto-lens
    version: 0.7.1.3
  original:
    commit: 191f384b5329f0231844ae8405695fcdc29eab44
    git: git@github.com:iand675/proto-lens.git
    subdir: proto-lens
- completed:
    commit: 191f384b5329f0231844ae8405695fcdc29eab44
    git: git@github.com:iand675/proto-lens.git
    name: proto-lens-protoc
    pantry-tree:
      sha256: 57853a9f4dedc08dd42ca7144edea2597a766780e5f6ab4fd194e38198dd3dc3
      size: 1271
    subdir: proto-lens-protoc
    version: 0.7.1.1
  original:
    commit: 191f384b5329f0231844ae8405695fcdc29eab44
    git: git@github.com:iand675/proto-lens.git
    subdir: proto-lens-protoc
- completed:
    commit: 191f384b5329f0231844ae8405695fcdc29eab44
    git: git@github.com:iand675/proto-lens.git
    name: proto-lens-protobuf-types
    pantry-tree:
      sha256: 90212d646dd426ab8be6a2b10c448b859abec3e4a966efb49f7c31a665072d2e
      size: 1013530
    subdir: proto-lens-protobuf-types
    version: 0.8.0.0
  original:
    commit: 191f384b5329f0231844ae8405695fcdc29eab44
    git: git@github.com:iand675/proto-lens.git
    subdir: proto-lens-protobuf-types
- completed:
    commit: 191f384b5329f0231844ae8405695fcdc29eab44
    git: git@github.com:iand675/proto-lens.git
    name: proto-lens-runtime
    pantry-tree:
      sha256: 64ff7cb58d8a042da417cec8f3891f3267554eeeda949ce7678f14ec5cf08c39
      size: 221
    subdir: proto-lens-runtime
    version: 0.7.0.4
  original:
    commit: 191f384b5329f0231844ae8405695fcdc29eab44
    git: git@github.com:iand675/proto-lens.git
    subdir: proto-lens-runtime
- completed:
    commit: 191f384b5329f0231844ae8405695fcdc29eab44
    git: git@github.com:iand675/proto-lens.git
    name: proto-lens-json
    pantry-tree:
      sha256: e301e072ea4b3cc2f84766f12d32f7693d37ea1e8b878bd5015b9a4a9dc0da41
      size: 329
    subdir: proto-lens-json
    version: 0.0.1.0
  original:
    commit: 191f384b5329f0231844ae8405695fcdc29eab44
    git: git@github.com:iand675/proto-lens.git
    subdir: proto-lens-json
- completed:
    commit: e07f598b6ec1e36ad2f6e597bd0bd6342c166093
    git: git@github.com:iand675/hs-opentelemetry.git
    name: hs-opentelemetry-api
    pantry-tree:
      sha256: 0d0c5c22b3a4d4162e8ced0b0df66def2ddc692cc10eddb80ae6bd0edfc37552
      size: 3323
    subdir: api
    version: 0.1.0.0
  original:
    commit: e07f598b6ec1e36ad2f6e597bd0bd6342c166093
    git: git@github.com:iand675/hs-opentelemetry.git
    subdir: api
- completed:
    commit: e07f598b6ec1e36ad2f6e597bd0bd6342c166093
    git: git@github.com:iand675/hs-opentelemetry.git
    name: hs-opentelemetry-sdk
    pantry-tree:
      sha256: 8218e50db9e7dc865ebd75a7c9240ff81dc74f2c47ae43c89ae3c51d4a8a72d8
      size: 1532
    subdir: sdk
    version: 0.0.3.7
  original:
    commit: e07f598b6ec1e36ad2f6e597bd0bd6342c166093
    git: git@github.com:iand675/hs-opentelemetry.git
    subdir: sdk
- completed:
    commit: e07f598b6ec1e36ad2f6e597bd0bd6342c166093
    git: git@github.com:iand675/hs-opentelemetry.git
    name: hs-opentelemetry-otlp
    pantry-tree:
      sha256: b6a5bedb5342b44d0509e2a3795b39dfff1cc31f79be895ce1ff30761b8cb74b
      size: 10424
    subdir: otlp
    version: 0.0.2.0
  original:
    commit: e07f598b6ec1e36ad2f6e597bd0bd6342c166093
    git: git@github.com:iand675/hs-opentelemetry.git
    subdir: otlp
- completed:
    commit: e07f598b6ec1e36ad2f6e597bd0bd6342c166093
    git: git@github.com:iand675/hs-opentelemetry.git
    name: hs-opentelemetry-exporter-otlp
    pantry-tree:
      sha256: eaaded5514dd3a7a37f6baffc8a27da1b47072294d43b08a5b5007a9bfaee8d0
      size: 502
    subdir: exporters/otlp
    version: 0.0.2.0
  original:
    commit: e07f598b6ec1e36ad2f6e597bd0bd6342c166093
    git: git@github.com:iand675/hs-opentelemetry.git
    subdir: exporters/otlp
- completed:
    commit: e07f598b6ec1e36ad2f6e597bd0bd6342c166093
    git: git@github.com:iand675/hs-opentelemetry.git
    name: hs-opentelemetry-propagator-b3
    pantry-tree:
      sha256: 5fe5479ce227168904921716f468fb7ba76f43a370c6de52e72eff42bc101967
      size: 584
    subdir: propagators/b3
    version: 0.0.1.1
  original:
    commit: e07f598b6ec1e36ad2f6e597bd0bd6342c166093
    git: git@github.com:iand675/hs-opentelemetry.git
    subdir: propagators/b3
- completed:
    commit: e07f598b6ec1e36ad2f6e597bd0bd6342c166093
    git: git@github.com:iand675/hs-opentelemetry.git
    name: hs-opentelemetry-propagator-w3c
    pantry-tree:
      sha256: 5e01af30d8c1702608dcfc4b8c3a56549a2e33359b3fa9ea3fd1abc63215ced5
      size: 598
    subdir: propagators/w3c
    version: 0.0.1.3
  original:
    commit: e07f598b6ec1e36ad2f6e597bd0bd6342c166093
    git: git@github.com:iand675/hs-opentelemetry.git
    subdir: propagators/w3c
- completed:
    commit: 7a6aac047b706508e85ba2054b5bedbecfd7eb7a
    git: git@github.com:circuithub/ghc-source-gen.git
    name: ghc-source-gen
    pantry-tree:
      sha256: 4ba36ca22269ea5c9f56921182785817c23a4f4bc3811a39edd584f6876d4555
      size: 3952
    version: 0.4.3.0
  original:
    commit: 7a6aac047b706508e85ba2054b5bedbecfd7eb7a
    git: git@github.com:circuithub/ghc-source-gen.git
snapshots:
- completed:
    sha256: 9313df78f49519315342f4c51ffc5da12659d3735f8ac3c54a1fb98ff874474e
    size: 640036
    url: https://raw.githubusercontent.com/commercialhaskell/stackage-snapshots/master/lts/21/12.yaml
  original: lts-21.12
