# This file was autogenerated by Stack.
# You should not edit this file by hand.
# For more information, please see the documentation at:
#   https://docs.haskellstack.org/en/stable/lock_files

packages:
- completed:
    commit: b0ad0a51ccc1d2ea45cc1c6e8ef753c54efe30a4
    git: git@github.com:sheaf/if-instance.git
    name: if-instance
    pantry-tree:
      sha256: 3a7a07a2ef7559cf943f6f87ac4ce2bc3767509c101710612657de0db038df4b
      size: 725
    version: 0.4.0.0
  original:
    commit: b0ad0a51ccc1d2ea45cc1c6e8ef753c54efe30a4
    git: git@github.com:sheaf/if-instance.git
- completed:
    hackage: ghc-tcplugin-api-0.10.0.0@sha256:e48b4849cf41f1a14c4550600a7f049451c413c317e937c85fe9fea61239382b,4641
    pantry-tree:
      sha256: 6eb15b77c7e82aad03d48efdb417b7e3a65edc9722d195c116c56a42d676e6ac
      size: 498
  original:
    hackage: ghc-tcplugin-api-0.10.0.0
- completed:
    hackage: annotated-exception-0.2.0.3@sha256:3b648717c060cf808435738d85e94e78b144eb8267c281c8cc87edb99a18393e,1785
    pantry-tree:
      sha256: 4412649314f4bebda75c31bc2f6bcb56701af2eea04218e678709b440179055e
      size: 776
  original:
    hackage: annotated-exception-0.2.0.3
- completed:
    hackage: require-callstack-0.1.0.0@sha256:4286e01386aa92186474259f16f9250861bb8123fd1171bdbce754215c3dc3f9,1263
    pantry-tree:
      sha256: 2721dcb1a5b0a996da2723da8a63f844903091fba4039b58ae7402023a2a88e7
      size: 405
  original:
    hackage: require-callstack-0.1.0.0
- completed:
    hackage: hs-opentelemetry-api-0.0.3.8@sha256:ac02b4e6873962eb0eab665666197013291e3435fb10280f8c7c8f1e66bbae47,3593
    pantry-tree:
      sha256: 6f5674d48e1ffdef81fb93604c52236e835232b3b843c903d9649c838a13e3a9
      size: 2986
  original:
    hackage: hs-opentelemetry-api-0.0.3.8
- completed:
    hackage: thread-utils-context-0.3.0.3@sha256:8ca2ee2b09ce3a17b1b8dff8a440b47badefc9418c22b16383f13127c2852ec8,1671
    pantry-tree:
      sha256: 2683cb1443943c9a1159f959092228e91bc1c62678a384652c82d95b955e690a
      size: 397
  original:
    hackage: thread-utils-context-0.3.0.3
- completed:
    hackage: thread-utils-finalizers-0.1.1.0@sha256:24944b71d9f1d01695a5908b4a3b44838fab870883114a323336d537995e0a5b,1381
    pantry-tree:
      sha256: 8c2c2e2e22c20bf3696ee6f30b50b3a9eeae187a22beb536441eefb0a3f9c549
      size: 400
  original:
    hackage: thread-utils-finalizers-0.1.1.0
snapshots:
- completed:
    sha256: dcf4fc28f12d805480ddbe8eb8c370e11db12f0461d0110a4240af27ac88d725
    size: 650255
    url: https://raw.githubusercontent.com/commercialhaskell/stackage-snapshots/master/lts/20/22.yaml
  original: lts-20.22
